// !$*UTF8*$!
{
	archiveVersion = 1;
	classes = {
	};
	objectVersion = 50;
	objects = {

/* Begin PBXBuildFile section */
		1874733A246C70BF00F94A3D /* main.cpp in Sources */ = {isa = PBXBuildFile; fileRef = 1874731F246C5ECA00F94A3D /* main.cpp */; };
/* End PBXBuildFile section */

/* Begin PBXCopyFilesBuildPhase section */
		1874730E246C4EDA00F94A3D /* CopyFiles */ = {
			isa = PBXCopyFilesBuildPhase;
			buildActionMask = 2147483647;
			dstPath = /usr/share/man/man1/;
			dstSubfolderSpec = 0;
			files = (
			);
			runOnlyForDeploymentPostprocessing = 1;
		};
/* End PBXCopyFilesBuildPhase section */

/* Begin PBXFileReference section */
		18747310246C4EDA00F94A3D /* matrix-mul */ = {isa = PBXFileReference; explicitFileType = "compiled.mach-o.executable"; includeInIndex = 0; path = "matrix-mul"; sourceTree = BUILT_PRODUCTS_DIR; };
		18747313246C4EDA00F94A3D /* main.c */ = {isa = PBXFileReference; lastKnownFileType = sourcecode.c.c; path = main.c; sourceTree = "<group>"; };
		1874731F246C5ECA00F94A3D /* main.cpp */ = {isa = PBXFileReference; fileEncoding = 4; lastKnownFileType = sourcecode.cpp.cpp; path = main.cpp; sourceTree = "<group>"; };
/* End PBXFileReference section */

/* Begin PBXFrameworksBuildPhase section */
		1874730D246C4EDA00F94A3D /* Frameworks */ = {
			isa = PBXFrameworksBuildPhase;
			buildActionMask = 2147483647;
			files = (
			);
			runOnlyForDeploymentPostprocessing = 0;
		};
/* End PBXFrameworksBuildPhase section */

/* Begin PBXGroup section */
		18747307246C4ED900F94A3D = {
			isa = PBXGroup;
			children = (
				18747312246C4EDA00F94A3D /* matrix-mul */,
				18747311246C4EDA00F94A3D /* Products */,
			);
			sourceTree = "<group>";
		};
		18747311246C4EDA00F94A3D /* Products */ = {
			isa = PBXGroup;
			children = (
				18747310246C4EDA00F94A3D /* matrix-mul */,
			);
			name = Products;
			sourceTree = "<group>";
		};
		18747312246C4EDA00F94A3D /* matrix-mul */ = {
			isa = PBXGroup;
			children = (
				1874731F246C5ECA00F94A3D /* main.cpp */,
				18747313246C4EDA00F94A3D /* main.c */,
			);
			path = "matrix-mul";
			sourceTree = "<group>";
		};
/* End PBXGroup section */

/* Begin PBXNativeTarget section */
		1874730F246C4EDA00F94A3D /* matrix-mul */ = {
			isa = PBXNativeTarget;
			buildConfigurationList = 18747317246C4EDA00F94A3D /* Build configuration list for PBXNativeTarget "matrix-mul" */;
			buildPhases = (
				1874730C246C4EDA00F94A3D /* Sources */,
				1874730D246C4EDA00F94A3D /* Frameworks */,
				1874730E246C4EDA00F94A3D /* CopyFiles */,
			);
			buildRules = (
			);
			dependencies = (
			);
			name = "matrix-mul";
			productName = "matrix-mul";
			productReference = 18747310246C4EDA00F94A3D /* matrix-mul */;
			productType = "com.apple.product-type.tool";
		};
/* End PBXNativeTarget section */

/* Begin PBXProject section */
		18747308246C4EDA00F94A3D /* Project object */ = {
			isa = PBXProject;
			attributes = {
				LastUpgradeCheck = 1140;
				ORGANIZATIONNAME = "Brandon Liu";
				TargetAttributes = {
					1874730F246C4EDA00F94A3D = {
						CreatedOnToolsVersion = 11.4.1;
					};
				};
			};
			buildConfigurationList = 1874730B246C4EDA00F94A3D /* Build configuration list for PBXProject "matrix-mul" */;
			compatibilityVersion = "Xcode 9.3";
			developmentRegion = en;
			hasScannedForEncodings = 0;
			knownRegions = (
				en,
				Base,
			);
			mainGroup = 18747307246C4ED900F94A3D;
			productRefGroup = 18747311246C4EDA00F94A3D /* Products */;
			projectDirPath = "";
			projectRoot = "";
			targets = (
				1874730F246C4EDA00F94A3D /* matrix-mul */,
			);
		};
/* End PBXProject section */

/* Begin PBXSourcesBuildPhase section */
		1874730C246C4EDA00F94A3D /* Sources */ = {
			isa = PBXSourcesBuildPhase;
			buildActionMask = 2147483647;
			files = (
				1874733A246C70BF00F94A3D /* main.cpp in Sources */,
			);
			runOnlyForDeploymentPostprocessing = 0;
		};
/* End PBXSourcesBuildPhase section */

/* Begin XCBuildConfiguration section */
		18747315246C4EDA00F94A3D /* Debug */ = {
			isa = XCBuildConfiguration;
			buildSettings = {
				ALWAYS_SEARCH_USER_PATHS = NO;
				CLANG_ANALYZER_NONNULL = YES;
				CLANG_ANALYZER_NUMBER_OBJECT_CONVERSION = YES_AGGRESSIVE;
				CLANG_CXX_LANGUAGE_STANDARD = "gnu++14";
				CLANG_CXX_LIBRARY = "libc++";
				CLANG_ENABLE_MODULES = YES;
				CLANG_ENABLE_OBJC_ARC = YES;
				CLANG_ENABLE_OBJC_WEAK = YES;
				CLANG_WARN_BLOCK_CAPTURE_AUTORELEASING = YES;
				CLANG_WARN_BOOL_CONVERSION = YES;
				CLANG_WARN_COMMA = YES;
				CLANG_WARN_CONSTANT_CONVERSION = YES;
				CLANG_WARN_DEPRECATED_OBJC_IMPLEMENTATIONS = YES;
				CLANG_WARN_DIRECT_OBJC_ISA_USAGE = YES_ERROR;
				CLANG_WARN_DOCUMENTATION_COMMENTS = YES;
				CLANG_WARN_EMPTY_BODY = YES;
				CLANG_WARN_ENUM_CONVERSION = YES;
				CLANG_WARN_INFINITE_RECURSION = YES;
				CLANG_WARN_INT_CONVERSION = YES;
				CLANG_WARN_NON_LITERAL_NULL_CONVERSION = YES;
				CLANG_WARN_OBJC_IMPLICIT_RETAIN_SELF = YES;
				CLANG_WARN_OBJC_LITERAL_CONVERSION = YES;
				CLANG_WARN_OBJC_ROOT_CLASS = YES_ERROR;
				CLANG_WARN_RANGE_LOOP_ANALYSIS = YES;
				CLANG_WARN_STRICT_PROTOTYPES = YES;
				CLANG_WARN_SUSPICIOUS_MOVE = YES;
				CLANG_WARN_UNGUARDED_AVAILABILITY = YES_AGGRESSIVE;
				CLANG_WARN_UNREACHABLE_CODE = YES;
				CLANG_WARN__DUPLICATE_METHOD_MATCH = YES;
				COPY_PHASE_STRIP = NO;
				DEBUG_INFORMATION_FORMAT = dwarf;
				ENABLE_STRICT_OBJC_MSGSEND = YES;
				ENABLE_TESTABILITY = YES;
				GCC_C_LANGUAGE_STANDARD = gnu11;
				GCC_DYNAMIC_NO_PIC = NO;
				GCC_NO_COMMON_BLOCKS = YES;
				GCC_OPTIMIZATION_LEVEL = 0;
				GCC_PREPROCESSOR_DEFINITIONS = (
					"DEBUG=1",
					"$(inherited)",
				);
				GCC_VERSION = com.intel.compilers.icc.latest;
				GCC_WARN_64_TO_32_BIT_CONVERSION = YES;
				GCC_WARN_ABOUT_RETURN_TYPE = YES_ERROR;
				GCC_WARN_UNDECLARED_SELECTOR = YES;
				GCC_WARN_UNINITIALIZED_AUTOS = YES_AGGRESSIVE;
				GCC_WARN_UNUSED_FUNCTION = YES;
				GCC_WARN_UNUSED_VARIABLE = YES;
				"HEADER_SEARCH_PATHS[arch=*]" = /opt/intel/compilers_and_libraries_2020.1.216/mac/mkl/include;
				ICC_MKL = threaded;
				ICC_RT_LIBRARY = dynamic;
				"INCLUDED_SOURCE_FILE_NAMES[arch=*]" = main.cpp;
				"LD_RUNPATH_SEARCH_PATHS[arch=*]" = (
					/opt/intel/compilers_and_libraries_2020.1.216/mac/compiler/lib,
					/opt/intel/compilers_and_libraries_2020.1.216/mac/mkl/lib,
				);
				"LIBRARY_SEARCH_PATHS[arch=*]" = /opt/intel/compilers_and_libraries_2020.1.216/mac/mkl/lib;
				MACOSX_DEPLOYMENT_TARGET = 10.15;
				MTL_ENABLE_DEBUG_INFO = INCLUDE_SOURCE;
				MTL_FAST_MATH = YES;
				ONLY_ACTIVE_ARCH = YES;
				"OTHER_LDFLAGS[arch=*]" = (
					"-lmkl_intel_lp64",
					"-lmkl_intel_thread",
					"-lmkl_core",
					"-lpthread",
					"-lm",
					"-ldl",
				);
				SDKROOT = macosx;
			};
			name = Debug;
		};
		18747316246C4EDA00F94A3D /* Release */ = {
			isa = XCBuildConfiguration;
			buildSettings = {
				ALWAYS_SEARCH_USER_PATHS = NO;
				CLANG_ANALYZER_NONNULL = YES;
				CLANG_ANALYZER_NUMBER_OBJECT_CONVERSION = YES_AGGRESSIVE;
				CLANG_CXX_LANGUAGE_STANDARD = "gnu++14";
				CLANG_CXX_LIBRARY = "libc++";
				CLANG_ENABLE_MODULES = YES;
				CLANG_ENABLE_OBJC_ARC = YES;
				CLANG_ENABLE_OBJC_WEAK = YES;
				CLANG_WARN_BLOCK_CAPTURE_AUTORELEASING = YES;
				CLANG_WARN_BOOL_CONVERSION = YES;
				CLANG_WARN_COMMA = YES;
				CLANG_WARN_CONSTANT_CONVERSION = YES;
				CLANG_WARN_DEPRECATED_OBJC_IMPLEMENTATIONS = YES;
				CLANG_WARN_DIRECT_OBJC_ISA_USAGE = YES_ERROR;
				CLANG_WARN_DOCUMENTATION_COMMENTS = YES;
				CLANG_WARN_EMPTY_BODY = YES;
				CLANG_WARN_ENUM_CONVERSION = YES;
				CLANG_WARN_INFINITE_RECURSION = YES;
				CLANG_WARN_INT_CONVERSION = YES;
				CLANG_WARN_NON_LITERAL_NULL_CONVERSION = YES;
				CLANG_WARN_OBJC_IMPLICIT_RETAIN_SELF = YES;
				CLANG_WARN_OBJC_LITERAL_CONVERSION = YES;
				CLANG_WARN_OBJC_ROOT_CLASS = YES_ERROR;
				CLANG_WARN_RANGE_LOOP_ANALYSIS = YES;
				CLANG_WARN_STRICT_PROTOTYPES = YES;
				CLANG_WARN_SUSPICIOUS_MOVE = YES;
				CLANG_WARN_UNGUARDED_AVAILABILITY = YES_AGGRESSIVE;
				CLANG_WARN_UNREACHABLE_CODE = YES;
				CLANG_WARN__DUPLICATE_METHOD_MATCH = YES;
				COPY_PHASE_STRIP = NO;
				DEBUG_INFORMATION_FORMAT = "dwarf-with-dsym";
				ENABLE_NS_ASSERTIONS = NO;
				ENABLE_STRICT_OBJC_MSGSEND = YES;
				GCC_C_LANGUAGE_STANDARD = gnu11;
				GCC_NO_COMMON_BLOCKS = YES;
				GCC_VERSION = com.intel.compilers.icc.latest;
				GCC_WARN_64_TO_32_BIT_CONVERSION = YES;
				GCC_WARN_ABOUT_RETURN_TYPE = YES_ERROR;
				GCC_WARN_UNDECLARED_SELECTOR = YES;
				GCC_WARN_UNINITIALIZED_AUTOS = YES_AGGRESSIVE;
				GCC_WARN_UNUSED_FUNCTION = YES;
				GCC_WARN_UNUSED_VARIABLE = YES;
				"HEADER_SEARCH_PATHS[arch=*]" = /opt/intel/compilers_and_libraries_2020.1.216/mac/mkl/include;
				ICC_MKL = threaded;
				ICC_RT_LIBRARY = dynamic;
				"INCLUDED_SOURCE_FILE_NAMES[arch=*]" = main.cpp;
				"LD_RUNPATH_SEARCH_PATHS[arch=*]" = (
					"/opt/intel/compilers_and_libraries_2020.1.216/mac/compiler/lib\n/opt/intel/compilers_and_libraries_2020.1.216/mac/compiler/lib\n",
					/opt/intel/compilers_and_libraries_2020.1.216/mac/mkl/lib,
				);
				"LIBRARY_SEARCH_PATHS[arch=*]" = /opt/intel/compilers_and_libraries_2020.1.216/mac/mkl/lib;
				MACOSX_DEPLOYMENT_TARGET = 10.15;
				MTL_ENABLE_DEBUG_INFO = NO;
				MTL_FAST_MATH = YES;
				"OTHER_LDFLAGS[arch=*]" = (
					"-lmkl_intel_lp64",
					"-lmkl_intel_thread",
					"-lmkl_core",
					"-lpthread",
					"-lm",
					"-ldl",
				);
				SDKROOT = macosx;
			};
			name = Release;
		};
		18747318246C4EDA00F94A3D /* Debug */ = {
			isa = XCBuildConfiguration;
			buildSettings = {
				CODE_SIGN_STYLE = Automatic;
				PRODUCT_NAME = "$(TARGET_NAME)";
			};
			name = Debug;
		};
		18747319246C4EDA00F94A3D /* Release */ = {
			isa = XCBuildConfiguration;
			buildSettings = {
				CODE_SIGN_STYLE = Automatic;
				PRODUCT_NAME = "$(TARGET_NAME)";
			};
			name = Release;
		};
/* End XCBuildConfiguration section */

/* Begin XCConfigurationList section */
		1874730B246C4EDA00F94A3D /* Build configuration list for PBXProject "matrix-mul" */ = {
			isa = XCConfigurationList;
			buildConfigurations = (
				18747315246C4EDA00F94A3D /* Debug */,
				18747316246C4EDA00F94A3D /* Release */,
			);
			defaultConfigurationIsVisible = 0;
			defaultConfigurationName = Release;
		};
		18747317246C4EDA00F94A3D /* Build configuration list for PBXNativeTarget "matrix-mul" */ = {
			isa = XCConfigurationList;
			buildConfigurations = (
				18747318246C4EDA00F94A3D /* Debug */,
				18747319246C4EDA00F94A3D /* Release */,
			);
			defaultConfigurationIsVisible = 0;
			defaultConfigurationName = Release;
		};
/* End XCConfigurationList section */
	};
	rootObject = 18747308246C4EDA00F94A3D /* Project object */;
}
